// !$*UTF8*$!
{
	archiveVersion = 1;
	classes = {
	};
	objectVersion = 46;
	objects = {

/* Begin PBXBuildFile section */
		3B98523D1E1CC5FD0099DC2E /* AppDelegate.swift in Sources */ = {isa = PBXBuildFile; fileRef = 3B98523C1E1CC5FD0099DC2E /* AppDelegate.swift */; };
		3B98523F1E1CC5FD0099DC2E /* ViewController.swift in Sources */ = {isa = PBXBuildFile; fileRef = 3B98523E1E1CC5FD0099DC2E /* ViewController.swift */; };
		3B9852421E1CC5FD0099DC2E /* Main.storyboard in Resources */ = {isa = PBXBuildFile; fileRef = 3B9852401E1CC5FD0099DC2E /* Main.storyboard */; };
		3B9852441E1CC5FD0099DC2E /* Assets.xcassets in Resources */ = {isa = PBXBuildFile; fileRef = 3B9852431E1CC5FD0099DC2E /* Assets.xcassets */; };
		3B9852471E1CC5FD0099DC2E /* LaunchScreen.storyboard in Resources */ = {isa = PBXBuildFile; fileRef = 3B9852451E1CC5FD0099DC2E /* LaunchScreen.storyboard */; };
		3B9852521E1CC5FD0099DC2E /* GitExampleTests.swift in Sources */ = {isa = PBXBuildFile; fileRef = 3B9852511E1CC5FD0099DC2E /* GitExampleTests.swift */; };
		3B98525D1E1CC5FD0099DC2E /* GitExampleUITests.swift in Sources */ = {isa = PBXBuildFile; fileRef = 3B98525C1E1CC5FD0099DC2E /* GitExampleUITests.swift */; };
/* End PBXBuildFile section */

/* Begin PBXContainerItemProxy section */
		3B98524E1E1CC5FD0099DC2E /* PBXContainerItemProxy */ = {
			isa = PBXContainerItemProxy;
			containerPortal = 3B9852311E1CC5FD0099DC2E /* Project object */;
			proxyType = 1;
			remoteGlobalIDString = 3B9852381E1CC5FD0099DC2E;
			remoteInfo = GitExample;
		};
		3B9852591E1CC5FD0099DC2E /* PBXContainerItemProxy */ = {
			isa = PBXContainerItemProxy;
			containerPortal = 3B9852311E1CC5FD0099DC2E /* Project object */;
			proxyType = 1;
			remoteGlobalIDString = 3B9852381E1CC5FD0099DC2E;
			remoteInfo = GitExample;
		};
/* End PBXContainerItemProxy section */

/* Begin PBXFileReference section */
		3B9852391E1CC5FD0099DC2E /* GitExample.app */ = {isa = PBXFileReference; explicitFileType = wrapper.application; includeInIndex = 0; path = GitExample.app; sourceTree = BUILT_PRODUCTS_DIR; };
		3B98523C1E1CC5FD0099DC2E /* AppDelegate.swift */ = {isa = PBXFileReference; lastKnownFileType = sourcecode.swift; path = AppDelegate.swift; sourceTree = "<group>"; };
		3B98523E1E1CC5FD0099DC2E /* ViewController.swift */ = {isa = PBXFileReference; lastKnownFileType = sourcecode.swift; path = ViewController.swift; sourceTree = "<group>"; };
		3B9852411E1CC5FD0099DC2E /* Base */ = {isa = PBXFileReference; lastKnownFileType = file.storyboard; name = Base; path = Base.lproj/Main.storyboard; sourceTree = "<group>"; };
		3B9852431E1CC5FD0099DC2E /* Assets.xcassets */ = {isa = PBXFileReference; lastKnownFileType = folder.assetcatalog; path = Assets.xcassets; sourceTree = "<group>"; };
		3B9852461E1CC5FD0099DC2E /* Base */ = {isa = PBXFileReference; lastKnownFileType = file.storyboard; name = Base; path = Base.lproj/LaunchScreen.storyboard; sourceTree = "<group>"; };
		3B9852481E1CC5FD0099DC2E /* Info.plist */ = {isa = PBXFileReference; lastKnownFileType = text.plist.xml; path = Info.plist; sourceTree = "<group>"; };
		3B98524D1E1CC5FD0099DC2E /* GitExampleTests.xctest */ = {isa = PBXFileReference; explicitFileType = wrapper.cfbundle; includeInIndex = 0; path = GitExampleTests.xctest; sourceTree = BUILT_PRODUCTS_DIR; };
		3B9852511E1CC5FD0099DC2E /* GitExampleTests.swift */ = {isa = PBXFileReference; lastKnownFileType = sourcecode.swift; path = GitExampleTests.swift; sourceTree = "<group>"; };
		3B9852531E1CC5FD0099DC2E /* Info.plist */ = {isa = PBXFileReference; lastKnownFileType = text.plist.xml; path = Info.plist; sourceTree = "<group>"; };
		3B9852581E1CC5FD0099DC2E /* GitExampleUITests.xctest */ = {isa = PBXFileReference; explicitFileType = wrapper.cfbundle; includeInIndex = 0; path = GitExampleUITests.xctest; sourceTree = BUILT_PRODUCTS_DIR; };
		3B98525C1E1CC5FD0099DC2E /* GitExampleUITests.swift */ = {isa = PBXFileReference; lastKnownFileType = sourcecode.swift; path = GitExampleUITests.swift; sourceTree = "<group>"; };
		3B98525E1E1CC5FD0099DC2E /* Info.plist */ = {isa = PBXFileReference; lastKnownFileType = text.plist.xml; path = Info.plist; sourceTree = "<group>"; };
/* End PBXFileReference section */

/* Begin PBXFrameworksBuildPhase section */
		3B9852361E1CC5FD0099DC2E /* Frameworks */ = {
			isa = PBXFrameworksBuildPhase;
			buildActionMask = 2147483647;
			files = (
			);
			runOnlyForDeploymentPostprocessing = 0;
		};
		3B98524A1E1CC5FD0099DC2E /* Frameworks */ = {
			isa = PBXFrameworksBuildPhase;
			buildActionMask = 2147483647;
			files = (
			);
			runOnlyForDeploymentPostprocessing = 0;
		};
		3B9852551E1CC5FD0099DC2E /* Frameworks */ = {
			isa = PBXFrameworksBuildPhase;
			buildActionMask = 2147483647;
			files = (
			);
			runOnlyForDeploymentPostprocessing = 0;
		};
/* End PBXFrameworksBuildPhase section */

/* Begin PBXGroup section */
		3B9852301E1CC5FD0099DC2E = {
			isa = PBXGroup;
			children = (
				3B98523B1E1CC5FD0099DC2E /* GitExample */,
				3B9852501E1CC5FD0099DC2E /* GitExampleTests */,
				3B98525B1E1CC5FD0099DC2E /* GitExampleUITests */,
				3B98523A1E1CC5FD0099DC2E /* Products */,
			);
			sourceTree = "<group>";
		};
		3B98523A1E1CC5FD0099DC2E /* Products */ = {
			isa = PBXGroup;
			children = (
				3B9852391E1CC5FD0099DC2E /* GitExample.app */,
				3B98524D1E1CC5FD0099DC2E /* GitExampleTests.xctest */,
				3B9852581E1CC5FD0099DC2E /* GitExampleUITests.xctest */,
			);
			name = Products;
			sourceTree = "<group>";
		};
		3B98523B1E1CC5FD0099DC2E /* GitExample */ = {
			isa = PBXGroup;
			children = (
				3B98523C1E1CC5FD0099DC2E /* AppDelegate.swift */,
				3B98523E1E1CC5FD0099DC2E /* ViewController.swift */,
				3B9852401E1CC5FD0099DC2E /* Main.storyboard */,
				3B9852431E1CC5FD0099DC2E /* Assets.xcassets */,
				3B9852451E1CC5FD0099DC2E /* LaunchScreen.storyboard */,
				3B9852481E1CC5FD0099DC2E /* Info.plist */,
			);
			path = GitExample;
			sourceTree = "<group>";
		};
		3B9852501E1CC5FD0099DC2E /* GitExampleTests */ = {
			isa = PBXGroup;
			children = (
				3B9852511E1CC5FD0099DC2E /* GitExampleTests.swift */,
				3B9852531E1CC5FD0099DC2E /* Info.plist */,
			);
			path = GitExampleTests;
			sourceTree = "<group>";
		};
		3B98525B1E1CC5FD0099DC2E /* GitExampleUITests */ = {
			isa = PBXGroup;
			children = (
				3B98525C1E1CC5FD0099DC2E /* GitExampleUITests.swift */,
				3B98525E1E1CC5FD0099DC2E /* Info.plist */,
			);
			path = GitExampleUITests;
			sourceTree = "<group>";
		};
/* End PBXGroup section */

/* Begin PBXNativeTarget section */
		3B9852381E1CC5FD0099DC2E /* GitExample */ = {
			isa = PBXNativeTarget;
			buildConfigurationList = 3B9852611E1CC5FD0099DC2E /* Build configuration list for PBXNativeTarget "GitExample" */;
			buildPhases = (
				3B9852351E1CC5FD0099DC2E /* Sources */,
				3B9852361E1CC5FD0099DC2E /* Frameworks */,
				3B9852371E1CC5FD0099DC2E /* Resources */,
			);
			buildRules = (
			);
			dependencies = (
			);
			name = GitExample;
			productName = GitExample;
			productReference = 3B9852391E1CC5FD0099DC2E /* GitExample.app */;
			productType = "com.apple.product-type.application";
		};
		3B98524C1E1CC5FD0099DC2E /* GitExampleTests */ = {
			isa = PBXNativeTarget;
			buildConfigurationList = 3B9852641E1CC5FD0099DC2E /* Build configuration list for PBXNativeTarget "GitExampleTests" */;
			buildPhases = (
				3B9852491E1CC5FD0099DC2E /* Sources */,
				3B98524A1E1CC5FD0099DC2E /* Frameworks */,
				3B98524B1E1CC5FD0099DC2E /* Resources */,
			);
			buildRules = (
			);
			dependencies = (
				3B98524F1E1CC5FD0099DC2E /* PBXTargetDependency */,
			);
			name = GitExampleTests;
			productName = GitExampleTests;
			productReference = 3B98524D1E1CC5FD0099DC2E /* GitExampleTests.xctest */;
			productType = "com.apple.product-type.bundle.unit-test";
		};
		3B9852571E1CC5FD0099DC2E /* GitExampleUITests */ = {
			isa = PBXNativeTarget;
			buildConfigurationList = 3B9852671E1CC5FD0099DC2E /* Build configuration list for PBXNativeTarget "GitExampleUITests" */;
			buildPhases = (
				3B9852541E1CC5FD0099DC2E /* Sources */,
				3B9852551E1CC5FD0099DC2E /* Frameworks */,
				3B9852561E1CC5FD0099DC2E /* Resources */,
			);
			buildRules = (
			);
			dependencies = (
				3B98525A1E1CC5FD0099DC2E /* PBXTargetDependency */,
			);
			name = GitExampleUITests;
			productName = GitExampleUITests;
			productReference = 3B9852581E1CC5FD0099DC2E /* GitExampleUITests.xctest */;
			productType = "com.apple.product-type.bundle.ui-testing";
		};
/* End PBXNativeTarget section */

/* Begin PBXProject section */
		3B9852311E1CC5FD0099DC2E /* Project object */ = {
			isa = PBXProject;
			attributes = {
				LastSwiftUpdateCheck = 0730;
				LastUpgradeCheck = 0730;
				ORGANIZATIONNAME = NW;
				TargetAttributes = {
					3B9852381E1CC5FD0099DC2E = {
						CreatedOnToolsVersion = 7.3.1;
						DevelopmentTeam = DWA7EL48L4;
					};
					3B98524C1E1CC5FD0099DC2E = {
						CreatedOnToolsVersion = 7.3.1;
						DevelopmentTeam = DWA7EL48L4;
						TestTargetID = 3B9852381E1CC5FD0099DC2E;
					};
					3B9852571E1CC5FD0099DC2E = {
						CreatedOnToolsVersion = 7.3.1;
						DevelopmentTeam = DWA7EL48L4;
						TestTargetID = 3B9852381E1CC5FD0099DC2E;
					};
				};
			};
			buildConfigurationList = 3B9852341E1CC5FD0099DC2E /* Build configuration list for PBXProject "GitExample" */;
			compatibilityVersion = "Xcode 3.2";
			developmentRegion = English;
			hasScannedForEncodings = 0;
			knownRegions = (
				en,
				Base,
			);
			mainGroup = 3B9852301E1CC5FD0099DC2E;
			productRefGroup = 3B98523A1E1CC5FD0099DC2E /* Products */;
			projectDirPath = "";
			projectRoot = "";
			targets = (
				3B9852381E1CC5FD0099DC2E /* GitExample */,
				3B98524C1E1CC5FD0099DC2E /* GitExampleTests */,
				3B9852571E1CC5FD0099DC2E /* GitExampleUITests */,
			);
		};
/* End PBXProject section */

/* Begin PBXResourcesBuildPhase section */
		3B9852371E1CC5FD0099DC2E /* Resources */ = {
			isa = PBXResourcesBuildPhase;
			buildActionMask = 2147483647;
			files = (
				3B9852471E1CC5FD0099DC2E /* LaunchScreen.storyboard in Resources */,
				3B9852441E1CC5FD0099DC2E /* Assets.xcassets in Resources */,
				3B9852421E1CC5FD0099DC2E /* Main.storyboard in Resources */,
			);
			runOnlyForDeploymentPostprocessing = 0;
		};
		3B98524B1E1CC5FD0099DC2E /* Resources */ = {
			isa = PBXResourcesBuildPhase;
			buildActionMask = 2147483647;
			files = (
			);
			runOnlyForDeploymentPostprocessing = 0;
		};
		3B9852561E1CC5FD0099DC2E /* Resources */ = {
			isa = PBXResourcesBuildPhase;
			buildActionMask = 2147483647;
			files = (
			);
			runOnlyForDeploymentPostprocessing = 0;
		};
/* End PBXResourcesBuildPhase section */

/* Begin PBXSourcesBuildPhase section */
		3B9852351E1CC5FD0099DC2E /* Sources */ = {
			isa = PBXSourcesBuildPhase;
			buildActionMask = 2147483647;
			files = (
				3B98523F1E1CC5FD0099DC2E /* ViewController.swift in Sources */,
				3B98523D1E1CC5FD0099DC2E /* AppDelegate.swift in Sources */,
			);
			runOnlyForDeploymentPostprocessing = 0;
		};
		3B9852491E1CC5FD0099DC2E /* Sources */ = {
			isa = PBXSourcesBuildPhase;
			buildActionMask = 2147483647;
			files = (
				3B9852521E1CC5FD0099DC2E /* GitExampleTests.swift in Sources */,
			);
			runOnlyForDeploymentPostprocessing = 0;
		};
		3B9852541E1CC5FD0099DC2E /* Sources */ = {
			isa = PBXSourcesBuildPhase;
			buildActionMask = 2147483647;
			files = (
				3B98525D1E1CC5FD0099DC2E /* GitExampleUITests.swift in Sources */,
			);
			runOnlyForDeploymentPostprocessing = 0;
		};
/* End PBXSourcesBuildPhase section */

/* Begin PBXTargetDependency section */
		3B98524F1E1CC5FD0099DC2E /* PBXTargetDependency */ = {
			isa = PBXTargetDependency;
			target = 3B9852381E1CC5FD0099DC2E /* GitExample */;
			targetProxy = 3B98524E1E1CC5FD0099DC2E /* PBXContainerItemProxy */;
		};
		3B98525A1E1CC5FD0099DC2E /* PBXTargetDependency */ = {
			isa = PBXTargetDependency;
			target = 3B9852381E1CC5FD0099DC2E /* GitExample */;
			targetProxy = 3B9852591E1CC5FD0099DC2E /* PBXContainerItemProxy */;
		};
/* End PBXTargetDependency section */

/* Begin PBXVariantGroup section */
		3B9852401E1CC5FD0099DC2E /* Main.storyboard */ = {
			isa = PBXVariantGroup;
			children = (
				3B9852411E1CC5FD0099DC2E /* Base */,
			);
			name = Main.storyboard;
			sourceTree = "<group>";
		};
		3B9852451E1CC5FD0099DC2E /* LaunchScreen.storyboard */ = {
			isa = PBXVariantGroup;
			children = (
				3B9852461E1CC5FD0099DC2E /* Base */,
			);
			name = LaunchScreen.storyboard;
			sourceTree = "<group>";
		};
/* End PBXVariantGroup section */

/* Begin XCBuildConfiguration section */
		3B98525F1E1CC5FD0099DC2E /* Debug */ = {
			isa = XCBuildConfiguration;
			buildSettings = {
				ALWAYS_SEARCH_USER_PATHS = NO;
				CLANG_ANALYZER_NONNULL = YES;
				CLANG_CXX_LANGUAGE_STANDARD = "gnu++0x";
				CLANG_CXX_LIBRARY = "libc++";
				CLANG_ENABLE_MODULES = YES;
				CLANG_ENABLE_OBJC_ARC = YES;
				CLANG_WARN_BOOL_CONVERSION = YES;
				CLANG_WARN_CONSTANT_CONVERSION = YES;
				CLANG_WARN_DIRECT_OBJC_ISA_USAGE = YES_ERROR;
				CLANG_WARN_EMPTY_BODY = YES;
				CLANG_WARN_ENUM_CONVERSION = YES;
				CLANG_WARN_INT_CONVERSION = YES;
				CLANG_WARN_OBJC_ROOT_CLASS = YES_ERROR;
				CLANG_WARN_UNREACHABLE_CODE = YES;
				CLANG_WARN__DUPLICATE_METHOD_MATCH = YES;
				"CODE_SIGN_IDENTITY[sdk=iphoneos*]" = "iPhone Developer";
				COPY_PHASE_STRIP = NO;
				DEBUG_INFORMATION_FORMAT = dwarf;
				ENABLE_STRICT_OBJC_MSGSEND = YES;
				ENABLE_TESTABILITY = YES;
				GCC_C_LANGUAGE_STANDARD = gnu99;
				GCC_DYNAMIC_NO_PIC = NO;
				GCC_NO_COMMON_BLOCKS = YES;
				GCC_OPTIMIZATION_LEVEL = 0;
				GCC_PREPROCESSOR_DEFINITIONS = (
					"DEBUG=1",
					"$(inherited)",
				);
				GCC_WARN_64_TO_32_BIT_CONVERSION = YES;
				GCC_WARN_ABOUT_RETURN_TYPE = YES_ERROR;
				GCC_WARN_UNDECLARED_SELECTOR = YES;
				GCC_WARN_UNINITIALIZED_AUTOS = YES_AGGRESSIVE;
				GCC_WARN_UNUSED_FUNCTION = YES;
				GCC_WARN_UNUSED_VARIABLE = YES;
				IPHONEOS_DEPLOYMENT_TARGET = 9.3;
				MTL_ENABLE_DEBUG_INFO = YES;
				ONLY_ACTIVE_ARCH = YES;
				SDKROOT = iphoneos;
				SWIFT_OPTIMIZATION_LEVEL = "-Onone";
				TARGETED_DEVICE_FAMILY = "1,2";
			};
			name = Debug;
		};
		3B9852601E1CC5FD0099DC2E /* Release */ = {
			isa = XCBuildConfiguration;
			buildSettings = {
				ALWAYS_SEARCH_USER_PATHS = NO;
				CLANG_ANALYZER_NONNULL = YES;
				CLANG_CXX_LANGUAGE_STANDARD = "gnu++0x";
				CLANG_CXX_LIBRARY = "libc++";
				CLANG_ENABLE_MODULES = YES;
				CLANG_ENABLE_OBJC_ARC = YES;
				CLANG_WARN_BOOL_CONVERSION = YES;
				CLANG_WARN_CONSTANT_CONVERSION = YES;
				CLANG_WARN_DIRECT_OBJC_ISA_USAGE = YES_ERROR;
				CLANG_WARN_EMPTY_BODY = YES;
				CLANG_WARN_ENUM_CONVERSION = YES;
				CLANG_WARN_INT_CONVERSION = YES;
				CLANG_WARN_OBJC_ROOT_CLASS = YES_ERROR;
				CLANG_WARN_UNREACHABLE_CODE = YES;
				CLANG_WARN__DUPLICATE_METHOD_MATCH = YES;
				"CODE_SIGN_IDENTITY[sdk=iphoneos*]" = "iPhone Developer";
				COPY_PHASE_STRIP = NO;
				DEBUG_INFORMATION_FORMAT = "dwarf-with-dsym";
				ENABLE_NS_ASSERTIONS = NO;
				ENABLE_STRICT_OBJC_MSGSEND = YES;
				GCC_C_LANGUAGE_STANDARD = gnu99;
				GCC_NO_COMMON_BLOCKS = YES;
				GCC_WARN_64_TO_32_BIT_CONVERSION = YES;
				GCC_WARN_ABOUT_RETURN_TYPE = YES_ERROR;
				GCC_WARN_UNDECLARED_SELECTOR = YES;
				GCC_WARN_UNINITIALIZED_AUTOS = YES_AGGRESSIVE;
				GCC_WARN_UNUSED_FUNCTION = YES;
				GCC_WARN_UNUSED_VARIABLE = YES;
				IPHONEOS_DEPLOYMENT_TARGET = 9.3;
				MTL_ENABLE_DEBUG_INFO = NO;
				SDKROOT = iphoneos;
				TARGETED_DEVICE_FAMILY = "1,2";
				VALIDATE_PRODUCT = YES;
			};
			name = Release;
		};
		3B9852621E1CC5FD0099DC2E /* Debug */ = {
			isa = XCBuildConfiguration;
			buildSettings = {
				ASSETCATALOG_COMPILER_APPICON_NAME = AppIcon;
				INFOPLIST_FILE = GitExample/Info.plist;
				LD_RUNPATH_SEARCH_PATHS = "$(inherited) @executable_path/Frameworks";
				PRODUCT_BUNDLE_IDENTIFIER = mx.nuvosystems.GitExample;
				PRODUCT_NAME = "$(TARGET_NAME)";
			};
			name = Debug;
		};
		3B9852631E1CC5FD0099DC2E /* Release */ = {
			isa = XCBuildConfiguration;
			buildSettings = {
				ASSETCATALOG_COMPILER_APPICON_NAME = AppIcon;
				INFOPLIST_FILE = GitExample/Info.plist;
				LD_RUNPATH_SEARCH_PATHS = "$(inherited) @executable_path/Frameworks";
				PRODUCT_BUNDLE_IDENTIFIER = mx.nuvosystems.GitExample;
				PRODUCT_NAME = "$(TARGET_NAME)";
			};
			name = Release;
		};
		3B9852651E1CC5FD0099DC2E /* Debug */ = {
			isa = XCBuildConfiguration;
			buildSettings = {
				BUNDLE_LOADER = "$(TEST_HOST)";
				INFOPLIST_FILE = GitExampleTests/Info.plist;
				LD_RUNPATH_SEARCH_PATHS = "$(inherited) @executable_path/Frameworks @loader_path/Frameworks";
				PRODUCT_BUNDLE_IDENTIFIER = mx.nuvosystems.GitExampleTests;
				PRODUCT_NAME = "$(TARGET_NAME)";
				TEST_HOST = "$(BUILT_PRODUCTS_DIR)/GitExample.app/GitExample";
			};
			name = Debug;
		};
		3B9852661E1CC5FD0099DC2E /* Release */ = {
			isa = XCBuildConfiguration;
			buildSettings = {
				BUNDLE_LOADER = "$(TEST_HOST)";
				INFOPLIST_FILE = GitExampleTests/Info.plist;
				LD_RUNPATH_SEARCH_PATHS = "$(inherited) @executable_path/Frameworks @loader_path/Frameworks";
				PRODUCT_BUNDLE_IDENTIFIER = mx.nuvosystems.GitExampleTests;
				PRODUCT_NAME = "$(TARGET_NAME)";
				TEST_HOST = "$(BUILT_PRODUCTS_DIR)/GitExample.app/GitExample";
			};
			name = Release;
		};
		3B9852681E1CC5FD0099DC2E /* Debug */ = {
			isa = XCBuildConfiguration;
			buildSettings = {
				INFOPLIST_FILE = GitExampleUITests/Info.plist;
				LD_RUNPATH_SEARCH_PATHS = "$(inherited) @executable_path/Frameworks @loader_path/Frameworks";
				PRODUCT_BUNDLE_IDENTIFIER = mx.nuvosystems.GitExampleUITests;
				PRODUCT_NAME = "$(TARGET_NAME)";
				TEST_TARGET_NAME = GitExample;
			};
			name = Debug;
		};
		3B9852691E1CC5FD0099DC2E /* Release */ = {
			isa = XCBuildConfiguration;
			buildSettings = {
				INFOPLIST_FILE = GitExampleUITests/Info.plist;
				LD_RUNPATH_SEARCH_PATHS = "$(inherited) @executable_path/Frameworks @loader_path/Frameworks";
				PRODUCT_BUNDLE_IDENTIFIER = mx.nuvosystems.GitExampleUITests;
				PRODUCT_NAME = "$(TARGET_NAME)";
				TEST_TARGET_NAME = GitExample;
			};
			name = Release;
		};
/* End XCBuildConfiguration section */

/* Begin XCConfigurationList section */
		3B9852341E1CC5FD0099DC2E /* Build configuration list for PBXProject "GitExample" */ = {
			isa = XCConfigurationList;
			buildConfigurations = (
				3B98525F1E1CC5FD0099DC2E /* Debug */,
				3B9852601E1CC5FD0099DC2E /* Release */,
			);
			defaultConfigurationIsVisible = 0;
			defaultConfigurationName = Release;
		};
		3B9852611E1CC5FD0099DC2E /* Build configuration list for PBXNativeTarget "GitExample" */ = {
			isa = XCConfigurationList;
			buildConfigurations = (
				3B9852621E1CC5FD0099DC2E /* Debug */,
				3B9852631E1CC5FD0099DC2E /* Release */,
			);
			defaultConfigurationIsVisible = 0;
		};
		3B9852641E1CC5FD0099DC2E /* Build configuration list for PBXNativeTarget "GitExampleTests" */ = {
			isa = XCConfigurationList;
			buildConfigurations = (
				3B9852651E1CC5FD0099DC2E /* Debug */,
				3B9852661E1CC5FD0099DC2E /* Release */,
			);
			defaultConfigurationIsVisible = 0;
		};
		3B9852671E1CC5FD0099DC2E /* Build configuration list for PBXNativeTarget "GitExampleUITests" */ = {
			isa = XCConfigurationList;
			buildConfigurations = (
				3B9852681E1CC5FD0099DC2E /* Debug */,
				3B9852691E1CC5FD0099DC2E /* Release */,
			);
			defaultConfigurationIsVisible = 0;
		};
/* End XCConfigurationList section */
	};
	rootObject = 3B9852311E1CC5FD0099DC2E /* Project object */;
}
